{
  "name": "@azure/mcp",
  "version": "0.0.0",
  "lockfileVersion": 3,
  "requires": true,
  "packages": {
    "": {
      "name": "@azure/mcp",
      "version": "0.0.0",
      "hasInstallScript": true,
      "license": "MIT",
      "bin": {
        "azmcp": "index.js"
      },
      "engines": {
        "node": ">=22.0.0"
      }
    }
  }
}
