Microsoft Visual Studio Solution File, Format Version 12.00
# Visual Studio Version 17
VisualStudioVersion = 17.5.2.0
MinimumVisualStudioVersion = 10.0.40219.1
Project("{FAE04EC0-301F-11D3-BF4B-00C04F79EFBC}") = "AzureMcp", "AzureMcp.csproj", "{E998E2FD-A6DA-0F32-B4CE-E63AACB9B1F1}"
EndProject
Project("{FAE04EC0-301F-11D3-BF4B-00C04F79EFBC}") = "AzureMcp.Tests", "..\tests\AzureMcp.Tests.csproj", "{C99C6B2F-9FA2-C4E6-E1E1-6D936F0C3859}"
EndProject
Global
	GlobalSection(SolutionConfigurationPlatforms) = preSolution
		Debug|Any CPU = Debug|Any CPU
		Release|Any CPU = Release|Any CPU
	EndGlobalSection
	GlobalSection(ProjectConfigurationPlatforms) = postSolution
		{E998E2FD-A6DA-0F32-B4CE-E63AACB9B1F1}.Debug|Any CPU.ActiveCfg = Debug|Any CPU
		{E998E2FD-A6DA-0F32-B4CE-E63AACB9B1F1}.Debug|Any CPU.Build.0 = Debug|Any CPU
		{E998E2FD-A6DA-0F32-B4CE-E63AACB9B1F1}.Release|Any CPU.ActiveCfg = Release|Any CPU
		{E998E2FD-A6DA-0F32-B4CE-E63AACB9B1F1}.Release|Any CPU.Build.0 = Release|Any CPU
		{C99C6B2F-9FA2-C4E6-E1E1-6D936F0C3859}.Debug|Any CPU.ActiveCfg = Debug|Any CPU
		{C99C6B2F-9FA2-C4E6-E1E1-6D936F0C3859}.Debug|Any CPU.Build.0 = Debug|Any CPU
		{C99C6B2F-9FA2-C4E6-E1E1-6D936F0C3859}.Release|Any CPU.ActiveCfg = Release|Any CPU
		{C99C6B2F-9FA2-C4E6-E1E1-6D936F0C3859}.Release|Any CPU.Build.0 = Release|Any CPU
	EndGlobalSection
	GlobalSection(SolutionProperties) = preSolution
		HideSolutionNode = FALSE
	EndGlobalSection
	GlobalSection(ExtensibilityGlobals) = postSolution
		SolutionGuid = {CD4A7D36-AA20-40AB-B072-A5292B43E473}
	EndGlobalSection
EndGlobal
